
Microsoft Visual Studio Solution File, Format Version 12.00
# Visual Studio Version 16
VisualStudioVersion = 25.0.1704.3
MinimumVisualStudioVersion = 10.0.40219.1
Project("{FAE04EC0-301F-11D3-BF4B-00C04F79EFBC}") = "LabTest1", "LabTest1\LabTest1.csproj", "{D1186576-00F0-4026-9134-D86DEA10B174}"
EndProject
Global
	GlobalSection(SolutionConfigurationPlatforms) = preSolution
		Debug|Any CPU = Debug|Any CPU
		Release|Any CPU = Release|Any CPU
	EndGlobalSection
	GlobalSection(ProjectConfigurationPlatforms) = postSolution
		{D1186576-00F0-4026-9134-D86DEA10B174}.Debug|Any CPU.ActiveCfg = Debug|Any CPU
		{D1186576-00F0-4026-9134-D86DEA10B174}.Debug|Any CPU.Build.0 = Debug|Any CPU
		{D1186576-00F0-4026-9134-D86DEA10B174}.Release|Any CPU.ActiveCfg = Release|Any CPU
		{D1186576-00F0-4026-9134-D86DEA10B174}.Release|Any CPU.Build.0 = Release|Any CPU
	EndGlobalSection
	GlobalSection(SolutionProperties) = preSolution
		HideSolutionNode = FALSE
	EndGlobalSection
	GlobalSection(ExtensibilityGlobals) = postSolution
		SolutionGuid = {9CA8F425-E655-4BDC-AF63-EEF72DA4586A}
	EndGlobalSection
EndGlobal
