
Microsoft Visual Studio Solution File, Format Version 12.00
# Visual Studio Version 16
VisualStudioVersion = 25.0.1704.3
MinimumVisualStudioVersion = 10.0.40219.1
Project("{FAE04EC0-301F-11D3-BF4B-00C04F79EFBC}") = "Lab6", "Lab6\Lab6.csproj", "{50C99DAF-2C27-447B-8E72-C624E4984AF7}"
EndProject
Global
	GlobalSection(SolutionConfigurationPlatforms) = preSolution
		Debug|Any CPU = Debug|Any CPU
		Release|Any CPU = Release|Any CPU
	EndGlobalSection
	GlobalSection(ProjectConfigurationPlatforms) = postSolution
		{50C99DAF-2C27-447B-8E72-C624E4984AF7}.Debug|Any CPU.ActiveCfg = Debug|Any CPU
		{50C99DAF-2C27-447B-8E72-C624E4984AF7}.Debug|Any CPU.Build.0 = Debug|Any CPU
		{50C99DAF-2C27-447B-8E72-C624E4984AF7}.Release|Any CPU.ActiveCfg = Release|Any CPU
		{50C99DAF-2C27-447B-8E72-C624E4984AF7}.Release|Any CPU.Build.0 = Release|Any CPU
	EndGlobalSection
	GlobalSection(SolutionProperties) = preSolution
		HideSolutionNode = FALSE
	EndGlobalSection
	GlobalSection(ExtensibilityGlobals) = postSolution
		SolutionGuid = {01BC822B-FDA5-4508-9A70-838CC3FC173D}
	EndGlobalSection
EndGlobal
